{"is_source_file": false, "format": "", "description": "", "external_files": [], "external_methods": [], "published": [], "classes": [], "methods": [], "calls": [], "search-terms": [], "state": 2, "file_id": 9, "knowledge_revision": 27, "git_revision": "c222d3ef7d623a42fe9f493319c063a177d282ed", "hash": "9c4ed7ef73e22b872b8055bec08b8979", "format-version": 4, "code-base-name": "default", "filename": "chatmate/post_process_status.lock", "revision_history": [{"27": "c222d3ef7d623a42fe9f493319c063a177d282ed"}]}